// !$*UTF8*$!
{
	archiveVersion = 1;
	classes = {
	};
	objectVersion = 46;
	objects = {

/* Begin PBXBuildFile section */
		8C083C65181DB30600250DB4 /* InfoPlist.strings in Resources */ = {isa = PBXBuildFile; fileRef = 8C083C63181DB30600250DB4 /* InfoPlist.strings */; };
		8C083C67181DB30600250DB4 /* main.m in Sources */ = {isa = PBXBuildFile; fileRef = 8C083C66181DB30600250DB4 /* main.m */; };
		8C083C6B181DB30600250DB4 /* AppDelegate.mm in Sources */ = {isa = PBXBuildFile; fileRef = 8C083C6A181DB30600250DB4 /* AppDelegate.mm */; };
		8C233FDC18764A9F00BBD67F /* IdentifyFacesVC.m in Sources */ = {isa = PBXBuildFile; fileRef = 8C233FDA18764A9F00BBD67F /* IdentifyFacesVC.m */; };
		8C46894918761A9600220605 /* libsqlite3.dylib in Frameworks */ = {isa = PBXBuildFile; fileRef = 8C46894818761A9600220605 /* libsqlite3.dylib */; };
		8C46894D18761AA300220605 /* Accelerate.framework in Frameworks */ = {isa = PBXBuildFile; fileRef = 8C46894C18761AA300220605 /* Accelerate.framework */; };
		8C46894F18761ABB00220605 /* CoreVideo.framework in Frameworks */ = {isa = PBXBuildFile; fileRef = 8C46894E18761ABB00220605 /* CoreVideo.framework */; };
		8C468959187622DF00220605 /* Default-568h@2x.png in Resources */ = {isa = PBXBuildFile; fileRef = 8C468958187622DF00220605 /* Default-568h@2x.png */; };
		8C6CBF79187741F900F276EA /* CustomFaceRecognizer.mm in Sources */ = {isa = PBXBuildFile; fileRef = 8C6CBF71187741F900F276EA /* CustomFaceRecognizer.mm */; };
		8C6CBF7A187741F900F276EA /* FaceDetector.mm in Sources */ = {isa = PBXBuildFile; fileRef = 8C6CBF73187741F900F276EA /* FaceDetector.mm */; };
		8C6CBF7B187741F900F276EA /* haarcascade_frontalface_alt2.xml in Resources */ = {isa = PBXBuildFile; fileRef = 8C6CBF74187741F900F276EA /* haarcascade_frontalface_alt2.xml */; };
		8C6CBF7C187741F900F276EA /* OpenCVData.mm in Sources */ = {isa = PBXBuildFile; fileRef = 8C6CBF76187741F900F276EA /* OpenCVData.mm */; };
		8C6CBF7D187741F900F276EA /* opencv2.framework in Frameworks */ = {isa = PBXBuildFile; fileRef = 8C6CBF78187741F900F276EA /* opencv2.framework */; };
		8C6CBF811877432F00F276EA /* WindowsAzureMobileServices.framework in Frameworks */ = {isa = PBXBuildFile; fileRef = 8C6CBF801877432F00F276EA /* WindowsAzureMobileServices.framework */; };
		8C6CBF8A187764D700F276EA /* RMCore.framework in Frameworks */ = {isa = PBXBuildFile; fileRef = 8C6CBF89187764D700F276EA /* RMCore.framework */; };
		8C6CBF8F1877656700F276EA /* CoreMotion.framework in Frameworks */ = {isa = PBXBuildFile; fileRef = 8C6CBF8E1877656700F276EA /* CoreMotion.framework */; };
		8C6CBF921877657100F276EA /* ExternalAccessory.framework in Frameworks */ = {isa = PBXBuildFile; fileRef = 8C6CBF911877657100F276EA /* ExternalAccessory.framework */; };
		8C6F9C31187715A100B8DCDB /* IdentifyFacesVC.xib in Resources */ = {isa = PBXBuildFile; fileRef = 8C6F9C30187715A100B8DCDB /* IdentifyFacesVC.xib */; };
		8C76B86718735B60001E6DDE /* icon120.png in Resources */ = {isa = PBXBuildFile; fileRef = 8C76B86118735B60001E6DDE /* icon120.png */; };
		8C76B86818735B60001E6DDE /* Icon29.png in Resources */ = {isa = PBXBuildFile; fileRef = 8C76B86218735B60001E6DDE /* Icon29.png */; };
		8C76B86918735B60001E6DDE /* Icon29@2x.png in Resources */ = {isa = PBXBuildFile; fileRef = 8C76B86318735B60001E6DDE /* Icon29@2x.png */; };
		8C76B86A18735B60001E6DDE /* icon57.png in Resources */ = {isa = PBXBuildFile; fileRef = 8C76B86418735B60001E6DDE /* icon57.png */; };
		8C76B86B18735B60001E6DDE /* icon57@2x.png in Resources */ = {isa = PBXBuildFile; fileRef = 8C76B86518735B60001E6DDE /* icon57@2x.png */; };
		8C76B86C18735B60001E6DDE /* Icon80.png in Resources */ = {isa = PBXBuildFile; fileRef = 8C76B86618735B60001E6DDE /* Icon80.png */; };
		8C76B87318735CD1001E6DDE /* KnownPeopleVC.m in Sources */ = {isa = PBXBuildFile; fileRef = 8C76B87118735CD1001E6DDE /* KnownPeopleVC.m */; };
		8C76B87818735CF4001E6DDE /* TerminatorVC.m in Sources */ = {isa = PBXBuildFile; fileRef = 8C76B87618735CF4001E6DDE /* TerminatorVC.m */; };
		8C76B88018736077001E6DDE /* Terminator.mm in Sources */ = {isa = PBXBuildFile; fileRef = 8C76B87F18736077001E6DDE /* Terminator.mm */; };
		8CD71B6A187C927B00899AE6 /* AdminVC.m in Sources */ = {isa = PBXBuildFile; fileRef = 8CD71B68187C927B00899AE6 /* AdminVC.m */; };
		8CE33941187C42CE000CE21E /* libCereal.a in Frameworks */ = {isa = PBXBuildFile; fileRef = 8CE33933187C42B4000CE21E /* libCereal.a */; };
		8CE33942187C42CE000CE21E /* libCoreMeta.a in Frameworks */ = {isa = PBXBuildFile; fileRef = 8CE3393A187C42BA000CE21E /* libCoreMeta.a */; };
		8CF169DC1848EE4600AFBC56 /* NamelessMassesVC.m in Sources */ = {isa = PBXBuildFile; fileRef = 8CF169DA1848EE4600AFBC56 /* NamelessMassesVC.m */; };
		8CF16A0D1848F1C700AFBC56 /* libxml2.dylib in Frameworks */ = {isa = PBXBuildFile; fileRef = 8CF16A0C1848F1C700AFBC56 /* libxml2.dylib */; };
		8CF16A1818496D2E00AFBC56 /* CoreMedia.framework in Frameworks */ = {isa = PBXBuildFile; fileRef = 8CF16A1718496D2E00AFBC56 /* CoreMedia.framework */; };
		BAC2803F8AA56B380F5EEBE9 /* Path.m in Sources */ = {isa = PBXBuildFile; fileRef = BAC287F705BAA1FFC320ED45 /* Path.m */; };
		BAC28053E63925CBB874E684 /* MobileCoreServices.framework in Frameworks */ = {isa = PBXBuildFile; fileRef = BAC2829DF04FC8429EDD42D0 /* MobileCoreServices.framework */; };
		BAC2805B88C155D6F3F4CD1F /* SquareCam.m in Sources */ = {isa = PBXBuildFile; fileRef = BAC28A904B5932154AEB0364 /* SquareCam.m */; };
		BAC2809F58B6A78D42A3A042 /* ContainerConfiguration.mm in Sources */ = {isa = PBXBuildFile; fileRef = BAC28DA35626B6F602175C98 /* ContainerConfiguration.mm */; };
		BAC280C2D03A244413ECCE87 /* NamelessMasses.m in Sources */ = {isa = PBXBuildFile; fileRef = BAC280C29C7D53DACB1889DA /* NamelessMasses.m */; };
		BAC281B41BD7D2B3D3CDC1A3 /* OpenCVFaceRecognition.mm in Sources */ = {isa = PBXBuildFile; fileRef = BAC283E8C68957259AA73371 /* OpenCVFaceRecognition.mm */; };
		BAC2823507D881C3B978C8C0 /* FaceDetection.m in Sources */ = {isa = PBXBuildFile; fileRef = BAC28B3DFA6FC1724B14845B /* FaceDetection.m */; };
		BAC28284BB461015ED535BE0 /* TerminatorBase.m in Sources */ = {isa = PBXBuildFile; fileRef = BAC281DDA4FA81CD99514CC2 /* TerminatorBase.m */; };
		BAC283457BB2F222FAF685A2 /* UIKit.framework in Frameworks */ = {isa = PBXBuildFile; fileRef = BAC28527FDC86EF733AA7E8E /* UIKit.framework */; };
		BAC283D1E86854AB90C47FCE /* AssetsLibrary.framework in Frameworks */ = {isa = PBXBuildFile; fileRef = BAC2879942B50CA8E1363A13 /* AssetsLibrary.framework */; };
		BAC284A6E9617E5BEB31613B /* Body.m in Sources */ = {isa = PBXBuildFile; fileRef = BAC282FFB3C42658FCBFCC6F /* Body.m */; };
		BAC28551F0CBBAB9011F7C8F /* ImageCapture.m in Sources */ = {isa = PBXBuildFile; fileRef = BAC289C49CEC692E628A6EFC /* ImageCapture.m */; };
		BAC2858EAE827CDD43B335B2 /* Memory.mm in Sources */ = {isa = PBXBuildFile; fileRef = BAC289BBC7E3B62EC490182A /* Memory.mm */; };
		BAC28693ED13495F24188E8D /* AdminVC.xib in Resources */ = {isa = PBXBuildFile; fileRef = BAC28E2247956839B49ABA81 /* AdminVC.xib */; };
		BAC28771297F9B18CB5A083D /* QuartzCore.framework in Frameworks */ = {isa = PBXBuildFile; fileRef = BAC287FE96CE8A7E5D3C70AD /* QuartzCore.framework */; };
		BAC2880E3CF84DEC4DBEF87E /* KnownPeopleVC.xib in Resources */ = {isa = PBXBuildFile; fileRef = BAC28FDCCDCA5B1114659BA4 /* KnownPeopleVC.xib */; };
		BAC2884C8F50F11EF028EA1A /* Brain.mm in Sources */ = {isa = PBXBuildFile; fileRef = BAC28DF0EA301C1F7A73867C /* Brain.mm */; };
		BAC2886A9880058413172E11 /* ImageIO.framework in Frameworks */ = {isa = PBXBuildFile; fileRef = BAC288970F3AB9FE1EE19979 /* ImageIO.framework */; };
		BAC28893EF0E440ACC15DAF2 /* FaceCapture.m in Sources */ = {isa = PBXBuildFile; fileRef = BAC2827B330879D80615E4F9 /* FaceCapture.m */; };
		BAC288B7C4801698D28E78B5 /* NamelessMassesVC.xib in Resources */ = {isa = PBXBuildFile; fileRef = BAC281CB1850C164A2E88BE4 /* NamelessMassesVC.xib */; };
		BAC28973974CDD5BD7AB6996 /* KnownPeople.m in Sources */ = {isa = PBXBuildFile; fileRef = BAC287491D4D1EF928131DB8 /* KnownPeople.m */; };
		BAC28A09377A2C03EC0956DA /* CoreGraphics.framework in Frameworks */ = {isa = PBXBuildFile; fileRef = BAC28AE629E00426B3AAFEDB /* CoreGraphics.framework */; };
		BAC28A121D4037E585CEDF7C /* UIImage+OpenCV.mm in Sources */ = {isa = PBXBuildFile; fileRef = BAC288BF46660FD832A45858 /* UIImage+OpenCV.mm */; };
		BAC28A67B1F3A6DF5D28D53D /* CameraRoll.m in Sources */ = {isa = PBXBuildFile; fileRef = BAC28882C90389FAD50CC5F0 /* CameraRoll.m */; };
		BAC28A759E27A10DFEF68FF2 /* AzureInterface.m in Sources */ = {isa = PBXBuildFile; fileRef = BAC28FED4855A4730900AA09 /* AzureInterface.m */; };
		BAC28B4A551C0B1D9CDC448B /* FaceMatchResult.m in Sources */ = {isa = PBXBuildFile; fileRef = BAC2881BE9AF7D261498D4C6 /* FaceMatchResult.m */; };
		BAC28C0C4DF850B3ABC26256 /* Eyes.m in Sources */ = {isa = PBXBuildFile; fileRef = BAC28C2A099FAEF2A400EC79 /* Eyes.m */; };
		BAC28DC867AB8430374FED0F /* Person.m in Sources */ = {isa = PBXBuildFile; fileRef = BAC28688BEC80C586A15C64D /* Person.m */; };
		BAC28DD108CCD5DCB1F24A3F /* OPSCounter.m in Sources */ = {isa = PBXBuildFile; fileRef = BAC289B405EA8DFA6DF187D6 /* OPSCounter.m */; };
		BAC28DDF2799719EBF21F1EF /* Constants.m in Sources */ = {isa = PBXBuildFile; fileRef = BAC28529D763D455CE0BE1EB /* Constants.m */; };
		BAC28E31A8A69F47F5308161 /* AVFoundation.framework in Frameworks */ = {isa = PBXBuildFile; fileRef = BAC28FC707253467176BEC1B /* AVFoundation.framework */; };
		BAC28E69388029E87016656A /* Foundation.framework in Frameworks */ = {isa = PBXBuildFile; fileRef = BAC2847CCA8811EF87EBC2A6 /* Foundation.framework */; };
		BAC28E79F5DC13F1076E0A2B /* TerminatorVC.xib in Resources */ = {isa = PBXBuildFile; fileRef = BAC282A87F9254FEC1E7945C /* TerminatorVC.xib */; };
		BAC28EA38792B30A4ADFCD36 /* CoreImage.framework in Frameworks */ = {isa = PBXBuildFile; fileRef = BAC28EB1CE0F41BDD0FBF852 /* CoreImage.framework */; };
/* End PBXBuildFile section */

/* Begin PBXContainerItemProxy section */
		8CE33932187C42B4000CE21E /* PBXContainerItemProxy */ = {
			isa = PBXContainerItemProxy;
			containerPortal = 8CE3392E187C42B4000CE21E /* Cereal.xcodeproj */;
			proxyType = 2;
			remoteGlobalIDString = 8C6B4CF81747CB080023ADCF;
			remoteInfo = Cereal;
		};
		8CE33939187C42BA000CE21E /* PBXContainerItemProxy */ = {
			isa = PBXContainerItemProxy;
			containerPortal = 8CE33934187C42B9000CE21E /* CoreMeta.xcodeproj */;
			proxyType = 2;
			remoteGlobalIDString = 8C14303615B4A04500A9C1B9;
			remoteInfo = CoreMeta;
		};
		8CE3393B187C42BA000CE21E /* PBXContainerItemProxy */ = {
			isa = PBXContainerItemProxy;
			containerPortal = 8CE33934187C42B9000CE21E /* CoreMeta.xcodeproj */;
			proxyType = 2;
			remoteGlobalIDString = 8C14304615B4A04500A9C1B9;
			remoteInfo = CoreMetaTests;
		};
		8CE3393D187C42C4000CE21E /* PBXContainerItemProxy */ = {
			isa = PBXContainerItemProxy;
			containerPortal = 8CE33934187C42B9000CE21E /* CoreMeta.xcodeproj */;
			proxyType = 1;
			remoteGlobalIDString = 8C14303515B4A04500A9C1B9;
			remoteInfo = CoreMeta;
		};
		8CE3393F187C42C4000CE21E /* PBXContainerItemProxy */ = {
			isa = PBXContainerItemProxy;
			containerPortal = 8CE3392E187C42B4000CE21E /* Cereal.xcodeproj */;
			proxyType = 1;
			remoteGlobalIDString = 8C6B4CF71747CB080023ADCF;
			remoteInfo = Cereal;
		};
/* End PBXContainerItemProxy section */

/* Begin PBXFileReference section */
		8C083C57181DB30600250DB4 /* Terminator.app */ = {isa = PBXFileReference; explicitFileType = wrapper.application; includeInIndex = 0; path = Terminator.app; sourceTree = BUILT_PRODUCTS_DIR; };
		8C083C62181DB30600250DB4 /* terminator-Info.plist */ = {isa = PBXFileReference; lastKnownFileType = text.plist.xml; path = "terminator-Info.plist"; sourceTree = "<group>"; };
		8C083C64181DB30600250DB4 /* en */ = {isa = PBXFileReference; lastKnownFileType = text.plist.strings; name = en; path = en.lproj/InfoPlist.strings; sourceTree = "<group>"; };
		8C083C66181DB30600250DB4 /* main.m */ = {isa = PBXFileReference; lastKnownFileType = sourcecode.c.objc; path = main.m; sourceTree = "<group>"; };
		8C083C68181DB30600250DB4 /* terminator-Prefix.pch */ = {isa = PBXFileReference; lastKnownFileType = sourcecode.c.h; path = "terminator-Prefix.pch"; sourceTree = "<group>"; };
		8C083C69181DB30600250DB4 /* AppDelegate.h */ = {isa = PBXFileReference; lastKnownFileType = sourcecode.c.h; path = AppDelegate.h; sourceTree = "<group>"; };
		8C083C6A181DB30600250DB4 /* AppDelegate.mm */ = {isa = PBXFileReference; lastKnownFileType = sourcecode.cpp.objcpp; path = AppDelegate.mm; sourceTree = "<group>"; };
		8C233FD918764A9F00BBD67F /* IdentifyFacesVC.h */ = {isa = PBXFileReference; fileEncoding = 4; lastKnownFileType = sourcecode.c.h; name = IdentifyFacesVC.h; path = Terminator/Controllers/IdentifyFacesVC.h; sourceTree = SOURCE_ROOT; };
		8C233FDA18764A9F00BBD67F /* IdentifyFacesVC.m */ = {isa = PBXFileReference; fileEncoding = 4; lastKnownFileType = sourcecode.c.objc; name = IdentifyFacesVC.m; path = Terminator/Controllers/IdentifyFacesVC.m; sourceTree = SOURCE_ROOT; };
		8C46894818761A9600220605 /* libsqlite3.dylib */ = {isa = PBXFileReference; lastKnownFileType = "compiled.mach-o.dylib"; name = libsqlite3.dylib; path = usr/lib/libsqlite3.dylib; sourceTree = SDKROOT; };
		8C46894C18761AA300220605 /* Accelerate.framework */ = {isa = PBXFileReference; lastKnownFileType = wrapper.framework; name = Accelerate.framework; path = System/Library/Frameworks/Accelerate.framework; sourceTree = SDKROOT; };
		8C46894E18761ABB00220605 /* CoreVideo.framework */ = {isa = PBXFileReference; lastKnownFileType = wrapper.framework; name = CoreVideo.framework; path = System/Library/Frameworks/CoreVideo.framework; sourceTree = SDKROOT; };
		8C468958187622DF00220605 /* Default-568h@2x.png */ = {isa = PBXFileReference; lastKnownFileType = image.png; name = "Default-568h@2x.png"; path = "../../Default-568h@2x.png"; sourceTree = "<group>"; };
		8C6CBF70187741F900F276EA /* CustomFaceRecognizer.h */ = {isa = PBXFileReference; fileEncoding = 4; lastKnownFileType = sourcecode.c.h; path = CustomFaceRecognizer.h; sourceTree = "<group>"; };
		8C6CBF71187741F900F276EA /* CustomFaceRecognizer.mm */ = {isa = PBXFileReference; fileEncoding = 4; lastKnownFileType = sourcecode.cpp.objcpp; path = CustomFaceRecognizer.mm; sourceTree = "<group>"; };
		8C6CBF72187741F900F276EA /* FaceDetector.h */ = {isa = PBXFileReference; fileEncoding = 4; lastKnownFileType = sourcecode.c.h; path = FaceDetector.h; sourceTree = "<group>"; };
		8C6CBF73187741F900F276EA /* FaceDetector.mm */ = {isa = PBXFileReference; fileEncoding = 4; lastKnownFileType = sourcecode.cpp.objcpp; path = FaceDetector.mm; sourceTree = "<group>"; };
		8C6CBF74187741F900F276EA /* haarcascade_frontalface_alt2.xml */ = {isa = PBXFileReference; fileEncoding = 4; lastKnownFileType = text.xml; path = haarcascade_frontalface_alt2.xml; sourceTree = "<group>"; };
		8C6CBF75187741F900F276EA /* OpenCVData.h */ = {isa = PBXFileReference; fileEncoding = 4; lastKnownFileType = sourcecode.c.h; path = OpenCVData.h; sourceTree = "<group>"; };
		8C6CBF76187741F900F276EA /* OpenCVData.mm */ = {isa = PBXFileReference; fileEncoding = 4; lastKnownFileType = sourcecode.cpp.objcpp; path = OpenCVData.mm; sourceTree = "<group>"; };
		8C6CBF78187741F900F276EA /* opencv2.framework */ = {isa = PBXFileReference; lastKnownFileType = wrapper.framework; path = opencv2.framework; sourceTree = "<group>"; };
		8C6CBF801877432F00F276EA /* WindowsAzureMobileServices.framework */ = {isa = PBXFileReference; lastKnownFileType = wrapper.framework; name = WindowsAzureMobileServices.framework; path = "azuresdk-iOS-v1.1.1/WindowsAzureMobileServices.framework"; sourceTree = "<group>"; };
		8C6CBF89187764D700F276EA /* RMCore.framework */ = {isa = PBXFileReference; lastKnownFileType = wrapper.framework; path = RMCore.framework; sourceTree = "<group>"; };
		8C6CBF8E1877656700F276EA /* CoreMotion.framework */ = {isa = PBXFileReference; lastKnownFileType = wrapper.framework; name = CoreMotion.framework; path = System/Library/Frameworks/CoreMotion.framework; sourceTree = SDKROOT; };
		8C6CBF911877657100F276EA /* ExternalAccessory.framework */ = {isa = PBXFileReference; lastKnownFileType = wrapper.framework; name = ExternalAccessory.framework; path = System/Library/Frameworks/ExternalAccessory.framework; sourceTree = SDKROOT; };
		8C6F9C30187715A100B8DCDB /* IdentifyFacesVC.xib */ = {isa = PBXFileReference; fileEncoding = 4; lastKnownFileType = file.xib; name = IdentifyFacesVC.xib; path = Terminator/Views/IdentifyFacesVC.xib; sourceTree = SOURCE_ROOT; };
		8C76B86118735B60001E6DDE /* icon120.png */ = {isa = PBXFileReference; lastKnownFileType = image.png; path = icon120.png; sourceTree = "<group>"; };
		8C76B86218735B60001E6DDE /* Icon29.png */ = {isa = PBXFileReference; lastKnownFileType = image.png; path = Icon29.png; sourceTree = "<group>"; };
		8C76B86318735B60001E6DDE /* Icon29@2x.png */ = {isa = PBXFileReference; lastKnownFileType = image.png; path = "Icon29@2x.png"; sourceTree = "<group>"; };
		8C76B86418735B60001E6DDE /* icon57.png */ = {isa = PBXFileReference; lastKnownFileType = image.png; path = icon57.png; sourceTree = "<group>"; };
		8C76B86518735B60001E6DDE /* icon57@2x.png */ = {isa = PBXFileReference; lastKnownFileType = image.png; path = "icon57@2x.png"; sourceTree = "<group>"; };
		8C76B86618735B60001E6DDE /* Icon80.png */ = {isa = PBXFileReference; lastKnownFileType = image.png; path = Icon80.png; sourceTree = "<group>"; };
		8C76B87018735CD1001E6DDE /* KnownPeopleVC.h */ = {isa = PBXFileReference; fileEncoding = 4; lastKnownFileType = sourcecode.c.h; name = KnownPeopleVC.h; path = Terminator/Controllers/KnownPeopleVC.h; sourceTree = SOURCE_ROOT; };
		8C76B87118735CD1001E6DDE /* KnownPeopleVC.m */ = {isa = PBXFileReference; fileEncoding = 4; lastKnownFileType = sourcecode.c.objc; name = KnownPeopleVC.m; path = Terminator/Controllers/KnownPeopleVC.m; sourceTree = SOURCE_ROOT; };
		8C76B87518735CF4001E6DDE /* TerminatorVC.h */ = {isa = PBXFileReference; fileEncoding = 4; lastKnownFileType = sourcecode.c.h; name = TerminatorVC.h; path = Terminator/Controllers/TerminatorVC.h; sourceTree = SOURCE_ROOT; };
		8C76B87618735CF4001E6DDE /* TerminatorVC.m */ = {isa = PBXFileReference; fileEncoding = 4; lastKnownFileType = sourcecode.c.objc; name = TerminatorVC.m; path = Terminator/Controllers/TerminatorVC.m; sourceTree = SOURCE_ROOT; };
		8C76B87E18736077001E6DDE /* Terminator.h */ = {isa = PBXFileReference; fileEncoding = 4; lastKnownFileType = sourcecode.c.h; name = Terminator.h; path = Terminator/Services/Terminator.h; sourceTree = SOURCE_ROOT; };
		8C76B87F18736077001E6DDE /* Terminator.mm */ = {isa = PBXFileReference; fileEncoding = 4; lastKnownFileType = sourcecode.cpp.objcpp; name = Terminator.mm; path = Terminator/Services/Terminator.mm; sourceTree = SOURCE_ROOT; };
		8CD71B67187C927B00899AE6 /* AdminVC.h */ = {isa = PBXFileReference; fileEncoding = 4; lastKnownFileType = sourcecode.c.h; name = AdminVC.h; path = Terminator/Controllers/AdminVC.h; sourceTree = SOURCE_ROOT; };
		8CD71B68187C927B00899AE6 /* AdminVC.m */ = {isa = PBXFileReference; fileEncoding = 4; lastKnownFileType = sourcecode.c.objc; name = AdminVC.m; path = Terminator/Controllers/AdminVC.m; sourceTree = SOURCE_ROOT; };
		8CE3392E187C42B4000CE21E /* Cereal.xcodeproj */ = {isa = PBXFileReference; lastKnownFileType = "wrapper.pb-project"; name = Cereal.xcodeproj; path = Cereal/Cereal.xcodeproj; sourceTree = "<group>"; };
		8CE33934187C42B9000CE21E /* CoreMeta.xcodeproj */ = {isa = PBXFileReference; lastKnownFileType = "wrapper.pb-project"; name = CoreMeta.xcodeproj; path = CoreMeta/CoreMeta/CoreMeta.xcodeproj; sourceTree = "<group>"; };
		8CF169D91848EE4600AFBC56 /* NamelessMassesVC.h */ = {isa = PBXFileReference; fileEncoding = 4; lastKnownFileType = sourcecode.c.h; name = NamelessMassesVC.h; path = Terminator/Controllers/NamelessMassesVC.h; sourceTree = SOURCE_ROOT; };
		8CF169DA1848EE4600AFBC56 /* NamelessMassesVC.m */ = {isa = PBXFileReference; fileEncoding = 4; lastKnownFileType = sourcecode.c.objc; name = NamelessMassesVC.m; path = Terminator/Controllers/NamelessMassesVC.m; sourceTree = SOURCE_ROOT; };
		8CF16A0C1848F1C700AFBC56 /* libxml2.dylib */ = {isa = PBXFileReference; lastKnownFileType = "compiled.mach-o.dylib"; name = libxml2.dylib; path = usr/lib/libxml2.dylib; sourceTree = SDKROOT; };
		8CF16A1718496D2E00AFBC56 /* CoreMedia.framework */ = {isa = PBXFileReference; lastKnownFileType = wrapper.framework; name = CoreMedia.framework; path = System/Library/Frameworks/CoreMedia.framework; sourceTree = SDKROOT; };
		BAC28047D5DB57F43A93D5B0 /* OPSCounter.h */ = {isa = PBXFileReference; fileEncoding = 4; lastKnownFileType = sourcecode.c.h; name = OPSCounter.h; path = Terminator/Services/Support/OPSCounter.h; sourceTree = SOURCE_ROOT; };
		BAC280C29C7D53DACB1889DA /* NamelessMasses.m */ = {isa = PBXFileReference; fileEncoding = 4; lastKnownFileType = sourcecode.c.objc; name = NamelessMasses.m; path = Terminator/Repositories/NamelessMasses.m; sourceTree = SOURCE_ROOT; };
		BAC2817E99CE15EE67C65F35 /* Body.h */ = {isa = PBXFileReference; fileEncoding = 4; lastKnownFileType = sourcecode.c.h; name = Body.h; path = Terminator/Services/Body.h; sourceTree = SOURCE_ROOT; };
		BAC2819AA9A2AAAB4F6325AB /* FaceDetection.h */ = {isa = PBXFileReference; fileEncoding = 4; lastKnownFileType = sourcecode.c.h; name = FaceDetection.h; path = Terminator/Services/Support/FaceDetection.h; sourceTree = SOURCE_ROOT; };
		BAC281AD77DE2B10B9E11746 /* Memory.h */ = {isa = PBXFileReference; fileEncoding = 4; lastKnownFileType = sourcecode.c.h; name = Memory.h; path = Terminator/Services/Memory.h; sourceTree = SOURCE_ROOT; };
		BAC281CB1850C164A2E88BE4 /* NamelessMassesVC.xib */ = {isa = PBXFileReference; lastKnownFileType = file.xib; name = NamelessMassesVC.xib; path = Terminator/Views/NamelessMassesVC.xib; sourceTree = SOURCE_ROOT; };
		BAC281DDA4FA81CD99514CC2 /* TerminatorBase.m */ = {isa = PBXFileReference; fileEncoding = 4; lastKnownFileType = sourcecode.c.objc; name = TerminatorBase.m; path = Terminator/Services/TerminatorBase.m; sourceTree = SOURCE_ROOT; };
		BAC2827B330879D80615E4F9 /* FaceCapture.m */ = {isa = PBXFileReference; fileEncoding = 4; lastKnownFileType = sourcecode.c.objc; name = FaceCapture.m; path = Terminator/Models/FaceCapture.m; sourceTree = SOURCE_ROOT; };
		BAC2828B9ADDAEB5B330617A /* OpenCVFaceRecognition.h */ = {isa = PBXFileReference; fileEncoding = 4; lastKnownFileType = sourcecode.c.h; name = OpenCVFaceRecognition.h; path = Terminator/Services/Support/OpenCVFaceRecognition.h; sourceTree = SOURCE_ROOT; };
		BAC2829DF04FC8429EDD42D0 /* MobileCoreServices.framework */ = {isa = PBXFileReference; lastKnownFileType = wrapper.framework; name = MobileCoreServices.framework; path = ../../../../../../Applications/Xcode.app/Contents/Developer/Platforms/iPhoneOS.platform/Developer/SDKs/iPhoneOS7.0.sdk/System/Library/Frameworks/MobileCoreServices.framework; sourceTree = "<group>"; };
		BAC282A87F9254FEC1E7945C /* TerminatorVC.xib */ = {isa = PBXFileReference; lastKnownFileType = file.xib; name = TerminatorVC.xib; path = Terminator/Views/TerminatorVC.xib; sourceTree = SOURCE_ROOT; };
		BAC282E5C45493CA9EA8123B /* NamelessMasses.h */ = {isa = PBXFileReference; fileEncoding = 4; lastKnownFileType = sourcecode.c.h; name = NamelessMasses.h; path = Terminator/Repositories/NamelessMasses.h; sourceTree = SOURCE_ROOT; };
		BAC282FFB3C42658FCBFCC6F /* Body.m */ = {isa = PBXFileReference; fileEncoding = 4; lastKnownFileType = sourcecode.c.objc; name = Body.m; path = Terminator/Services/Body.m; sourceTree = SOURCE_ROOT; };
		BAC283E8C68957259AA73371 /* OpenCVFaceRecognition.mm */ = {isa = PBXFileReference; fileEncoding = 4; lastKnownFileType = sourcecode.cpp.objcpp; name = OpenCVFaceRecognition.mm; path = Terminator/Services/Support/OpenCVFaceRecognition.mm; sourceTree = SOURCE_ROOT; };
		BAC283EE16CA517BC71DA379 /* FaceMatchResult.h */ = {isa = PBXFileReference; fileEncoding = 4; lastKnownFileType = sourcecode.c.h; name = FaceMatchResult.h; path = Terminator/Models/FaceMatchResult.h; sourceTree = SOURCE_ROOT; };
		BAC284442A02975A6CBDCB7B /* UIImage+OpenCV.h */ = {isa = PBXFileReference; fileEncoding = 4; lastKnownFileType = sourcecode.c.h; name = "UIImage+OpenCV.h"; path = "Terminator/Categories/UIImage+OpenCV.h"; sourceTree = SOURCE_ROOT; };
		BAC2847CCA8811EF87EBC2A6 /* Foundation.framework */ = {isa = PBXFileReference; lastKnownFileType = wrapper.framework; name = Foundation.framework; path = ../../../../../../Applications/Xcode.app/Contents/Developer/Platforms/iPhoneOS.platform/Developer/SDKs/iPhoneOS7.0.sdk/System/Library/Frameworks/Foundation.framework; sourceTree = "<group>"; };
		BAC284E54AA8514227210E23 /* KnownPeople.h */ = {isa = PBXFileReference; fileEncoding = 4; lastKnownFileType = sourcecode.c.h; name = KnownPeople.h; path = Terminator/Repositories/KnownPeople.h; sourceTree = SOURCE_ROOT; };
		BAC28527FDC86EF733AA7E8E /* UIKit.framework */ = {isa = PBXFileReference; lastKnownFileType = wrapper.framework; name = UIKit.framework; path = ../../../../../../Applications/Xcode.app/Contents/Developer/Platforms/iPhoneOS.platform/Developer/SDKs/iPhoneOS7.0.sdk/System/Library/Frameworks/UIKit.framework; sourceTree = "<group>"; };
		BAC28529D763D455CE0BE1EB /* Constants.m */ = {isa = PBXFileReference; fileEncoding = 4; lastKnownFileType = sourcecode.c.objc; name = Constants.m; path = Terminator/Constants.m; sourceTree = SOURCE_ROOT; };
		BAC2855D4FE0F2A7807FFD07 /* ContainerConfiguration.h */ = {isa = PBXFileReference; fileEncoding = 4; lastKnownFileType = sourcecode.c.h; name = ContainerConfiguration.h; path = Terminator/Services/Support/ContainerConfiguration.h; sourceTree = SOURCE_ROOT; };
		BAC285855D401C4A69B32127 /* AzureInterface.h */ = {isa = PBXFileReference; fileEncoding = 4; lastKnownFileType = sourcecode.c.h; name = AzureInterface.h; path = Terminator/Services/Support/AzureInterface.h; sourceTree = SOURCE_ROOT; };
		BAC285B0A56B61DC0A3405E7 /* Person.h */ = {isa = PBXFileReference; fileEncoding = 4; lastKnownFileType = sourcecode.c.h; name = Person.h; path = Terminator/Models/Person.h; sourceTree = SOURCE_ROOT; };
		BAC286597355AA6226B3008E /* Constants.h */ = {isa = PBXFileReference; fileEncoding = 4; lastKnownFileType = sourcecode.c.h; name = Constants.h; path = Terminator/Constants.h; sourceTree = SOURCE_ROOT; };
		BAC28688BEC80C586A15C64D /* Person.m */ = {isa = PBXFileReference; fileEncoding = 4; lastKnownFileType = sourcecode.c.objc; name = Person.m; path = Terminator/Models/Person.m; sourceTree = SOURCE_ROOT; };
		BAC287491D4D1EF928131DB8 /* KnownPeople.m */ = {isa = PBXFileReference; fileEncoding = 4; lastKnownFileType = sourcecode.c.objc; name = KnownPeople.m; path = Terminator/Repositories/KnownPeople.m; sourceTree = SOURCE_ROOT; };
		BAC2879942B50CA8E1363A13 /* AssetsLibrary.framework */ = {isa = PBXFileReference; lastKnownFileType = wrapper.framework; name = AssetsLibrary.framework; path = ../../../../../../Applications/Xcode.app/Contents/Developer/Platforms/iPhoneOS.platform/Developer/SDKs/iPhoneOS7.0.sdk/System/Library/Frameworks/AssetsLibrary.framework; sourceTree = "<group>"; };
		BAC287E28F1174DAD83D505C /* Path.h */ = {isa = PBXFileReference; fileEncoding = 4; lastKnownFileType = sourcecode.c.h; name = Path.h; path = Terminator/Services/Support/Path.h; sourceTree = SOURCE_ROOT; };
		BAC287F705BAA1FFC320ED45 /* Path.m */ = {isa = PBXFileReference; fileEncoding = 4; lastKnownFileType = sourcecode.c.objc; name = Path.m; path = Terminator/Services/Support/Path.m; sourceTree = SOURCE_ROOT; };
		BAC287FE96CE8A7E5D3C70AD /* QuartzCore.framework */ = {isa = PBXFileReference; lastKnownFileType = wrapper.framework; name = QuartzCore.framework; path = ../../../../../../Applications/Xcode.app/Contents/Developer/Platforms/iPhoneOS.platform/Developer/SDKs/iPhoneOS7.0.sdk/System/Library/Frameworks/QuartzCore.framework; sourceTree = "<group>"; };
		BAC2881BE9AF7D261498D4C6 /* FaceMatchResult.m */ = {isa = PBXFileReference; fileEncoding = 4; lastKnownFileType = sourcecode.c.objc; name = FaceMatchResult.m; path = Terminator/Models/FaceMatchResult.m; sourceTree = SOURCE_ROOT; };
		BAC28882C90389FAD50CC5F0 /* CameraRoll.m */ = {isa = PBXFileReference; fileEncoding = 4; lastKnownFileType = sourcecode.c.objc; name = CameraRoll.m; path = Terminator/Repositories/CameraRoll.m; sourceTree = SOURCE_ROOT; };
		BAC288970F3AB9FE1EE19979 /* ImageIO.framework */ = {isa = PBXFileReference; lastKnownFileType = wrapper.framework; name = ImageIO.framework; path = ../../../../../../Applications/Xcode.app/Contents/Developer/Platforms/iPhoneOS.platform/Developer/SDKs/iPhoneOS7.0.sdk/System/Library/Frameworks/ImageIO.framework; sourceTree = "<group>"; };
		BAC288BF46660FD832A45858 /* UIImage+OpenCV.mm */ = {isa = PBXFileReference; fileEncoding = 4; lastKnownFileType = sourcecode.cpp.objcpp; name = "UIImage+OpenCV.mm"; path = "Terminator/Categories/UIImage+OpenCV.mm"; sourceTree = SOURCE_ROOT; };
		BAC288E1C3A9FD5DE6E1A397 /* Eyes.h */ = {isa = PBXFileReference; fileEncoding = 4; lastKnownFileType = sourcecode.c.h; name = Eyes.h; path = Terminator/Services/Eyes.h; sourceTree = SOURCE_ROOT; };
		BAC288E85B8DADA2C1542EB1 /* XCTest.framework */ = {isa = PBXFileReference; lastKnownFileType = wrapper.framework; name = XCTest.framework; path = ../../../../../../Applications/Xcode.app/Contents/Developer/Library/Frameworks/XCTest.framework; sourceTree = "<group>"; };
		BAC289071EAF29F191916C3C /* Brain.h */ = {isa = PBXFileReference; fileEncoding = 4; lastKnownFileType = sourcecode.c.h; name = Brain.h; path = Terminator/Services/Brain.h; sourceTree = SOURCE_ROOT; };
		BAC289B405EA8DFA6DF187D6 /* OPSCounter.m */ = {isa = PBXFileReference; fileEncoding = 4; lastKnownFileType = sourcecode.c.objc; name = OPSCounter.m; path = Terminator/Services/Support/OPSCounter.m; sourceTree = SOURCE_ROOT; };
		BAC289BBC7E3B62EC490182A /* Memory.mm */ = {isa = PBXFileReference; fileEncoding = 4; lastKnownFileType = sourcecode.cpp.objcpp; name = Memory.mm; path = Terminator/Services/Memory.mm; sourceTree = SOURCE_ROOT; };
		BAC289C49CEC692E628A6EFC /* ImageCapture.m */ = {isa = PBXFileReference; fileEncoding = 4; lastKnownFileType = sourcecode.c.objc; name = ImageCapture.m; path = Terminator/Models/ImageCapture.m; sourceTree = SOURCE_ROOT; };
		BAC28A904B5932154AEB0364 /* SquareCam.m */ = {isa = PBXFileReference; fileEncoding = 4; lastKnownFileType = sourcecode.c.objc; name = SquareCam.m; path = Terminator/Services/Support/SquareCam.m; sourceTree = SOURCE_ROOT; };
		BAC28AD7236628BD9E5060A5 /* FaceCapture.h */ = {isa = PBXFileReference; fileEncoding = 4; lastKnownFileType = sourcecode.c.h; name = FaceCapture.h; path = Terminator/Models/FaceCapture.h; sourceTree = SOURCE_ROOT; };
		BAC28AE629E00426B3AAFEDB /* CoreGraphics.framework */ = {isa = PBXFileReference; lastKnownFileType = wrapper.framework; name = CoreGraphics.framework; path = ../../../../../../Applications/Xcode.app/Contents/Developer/Platforms/iPhoneOS.platform/Developer/SDKs/iPhoneOS7.0.sdk/System/Library/Frameworks/CoreGraphics.framework; sourceTree = "<group>"; };
		BAC28B3DFA6FC1724B14845B /* FaceDetection.m */ = {isa = PBXFileReference; fileEncoding = 4; lastKnownFileType = sourcecode.c.objc; name = FaceDetection.m; path = Terminator/Services/Support/FaceDetection.m; sourceTree = SOURCE_ROOT; };
		BAC28C2A099FAEF2A400EC79 /* Eyes.m */ = {isa = PBXFileReference; fileEncoding = 4; lastKnownFileType = sourcecode.c.objc; name = Eyes.m; path = Terminator/Services/Eyes.m; sourceTree = SOURCE_ROOT; };
		BAC28CCDD561EDE24A673627 /* ImageCapture.h */ = {isa = PBXFileReference; fileEncoding = 4; lastKnownFileType = sourcecode.c.h; name = ImageCapture.h; path = Terminator/Models/ImageCapture.h; sourceTree = SOURCE_ROOT; };
		BAC28DA35626B6F602175C98 /* ContainerConfiguration.mm */ = {isa = PBXFileReference; fileEncoding = 4; lastKnownFileType = sourcecode.cpp.objcpp; name = ContainerConfiguration.mm; path = Terminator/Services/Support/ContainerConfiguration.mm; sourceTree = SOURCE_ROOT; };
		BAC28DF0EA301C1F7A73867C /* Brain.mm */ = {isa = PBXFileReference; fileEncoding = 4; lastKnownFileType = sourcecode.cpp.objcpp; name = Brain.mm; path = Terminator/Services/Brain.mm; sourceTree = SOURCE_ROOT; };
		BAC28E17160097F51D2373AC /* CameraRoll.h */ = {isa = PBXFileReference; fileEncoding = 4; lastKnownFileType = sourcecode.c.h; name = CameraRoll.h; path = Terminator/Repositories/CameraRoll.h; sourceTree = SOURCE_ROOT; };
		BAC28E2247956839B49ABA81 /* AdminVC.xib */ = {isa = PBXFileReference; lastKnownFileType = file.xib; name = AdminVC.xib; path = Terminator/Views/AdminVC.xib; sourceTree = SOURCE_ROOT; };
		BAC28EB1CE0F41BDD0FBF852 /* CoreImage.framework */ = {isa = PBXFileReference; lastKnownFileType = wrapper.framework; name = CoreImage.framework; path = ../../../../../../Applications/Xcode.app/Contents/Developer/Platforms/iPhoneOS.platform/Developer/SDKs/iPhoneOS7.0.sdk/System/Library/Frameworks/CoreImage.framework; sourceTree = "<group>"; };
		BAC28F3B56D2EF83E7AF5020 /* TerminatorBase.h */ = {isa = PBXFileReference; fileEncoding = 4; lastKnownFileType = sourcecode.c.h; name = TerminatorBase.h; path = Terminator/Services/TerminatorBase.h; sourceTree = SOURCE_ROOT; };
		BAC28F494E4B3B4E289EFAD5 /* SquareCam.h */ = {isa = PBXFileReference; fileEncoding = 4; lastKnownFileType = sourcecode.c.h; name = SquareCam.h; path = Terminator/Services/Support/SquareCam.h; sourceTree = SOURCE_ROOT; };
		BAC28FC707253467176BEC1B /* AVFoundation.framework */ = {isa = PBXFileReference; lastKnownFileType = wrapper.framework; name = AVFoundation.framework; path = ../../../../../../Applications/Xcode.app/Contents/Developer/Platforms/iPhoneOS.platform/Developer/SDKs/iPhoneOS7.0.sdk/System/Library/Frameworks/AVFoundation.framework; sourceTree = "<group>"; };
		BAC28FDCCDCA5B1114659BA4 /* KnownPeopleVC.xib */ = {isa = PBXFileReference; lastKnownFileType = file.xib; name = KnownPeopleVC.xib; path = Terminator/Views/KnownPeopleVC.xib; sourceTree = SOURCE_ROOT; };
		BAC28FED4855A4730900AA09 /* AzureInterface.m */ = {isa = PBXFileReference; fileEncoding = 4; lastKnownFileType = sourcecode.c.objc; name = AzureInterface.m; path = Terminator/Services/Support/AzureInterface.m; sourceTree = SOURCE_ROOT; };
/* End PBXFileReference section */

/* Begin PBXFrameworksBuildPhase section */
		8C083C54181DB30600250DB4 /* Frameworks */ = {
			isa = PBXFrameworksBuildPhase;
			buildActionMask = 2147483647;
			files = (
				8CE33941187C42CE000CE21E /* libCereal.a in Frameworks */,
				8CE33942187C42CE000CE21E /* libCoreMeta.a in Frameworks */,
				8C6CBF921877657100F276EA /* ExternalAccessory.framework in Frameworks */,
				8C6CBF8F1877656700F276EA /* CoreMotion.framework in Frameworks */,
				8C6CBF8A187764D700F276EA /* RMCore.framework in Frameworks */,
				8C6CBF7D187741F900F276EA /* opencv2.framework in Frameworks */,
				8C46894918761A9600220605 /* libsqlite3.dylib in Frameworks */,
				8C46894F18761ABB00220605 /* CoreVideo.framework in Frameworks */,
				BAC283D1E86854AB90C47FCE /* AssetsLibrary.framework in Frameworks */,
				8CF16A1818496D2E00AFBC56 /* CoreMedia.framework in Frameworks */,
				8C46894D18761AA300220605 /* Accelerate.framework in Frameworks */,
				BAC28053E63925CBB874E684 /* MobileCoreServices.framework in Frameworks */,
				BAC28EA38792B30A4ADFCD36 /* CoreImage.framework in Frameworks */,
				BAC2886A9880058413172E11 /* ImageIO.framework in Frameworks */,
				BAC28771297F9B18CB5A083D /* QuartzCore.framework in Frameworks */,
				8C6CBF811877432F00F276EA /* WindowsAzureMobileServices.framework in Frameworks */,
				8CF16A0D1848F1C700AFBC56 /* libxml2.dylib in Frameworks */,
				BAC28A09377A2C03EC0956DA /* CoreGraphics.framework in Frameworks */,
				BAC28E69388029E87016656A /* Foundation.framework in Frameworks */,
				BAC283457BB2F222FAF685A2 /* UIKit.framework in Frameworks */,
				BAC28E31A8A69F47F5308161 /* AVFoundation.framework in Frameworks */,
			);
			runOnlyForDeploymentPostprocessing = 0;
		};
/* End PBXFrameworksBuildPhase section */

/* Begin PBXGroup section */
		8C083C4E181DB30600250DB4 = {
			isa = PBXGroup;
			children = (
				8C083C60181DB30600250DB4 /* Terminator */,
				8C083C59181DB30600250DB4 /* Frameworks */,
				8C083C58181DB30600250DB4 /* Products */,
			);
			sourceTree = "<group>";
		};
		8C083C58181DB30600250DB4 /* Products */ = {
			isa = PBXGroup;
			children = (
				8C083C57181DB30600250DB4 /* Terminator.app */,
			);
			name = Products;
			sourceTree = "<group>";
		};
		8C083C59181DB30600250DB4 /* Frameworks */ = {
			isa = PBXGroup;
			children = (
				8C6CBF88187764D700F276EA /* Romo */,
				8C6CBF7F1877432700F276EA /* Azure */,
				8C6CBF6E187741F900F276EA /* FaceRecognition */,
				8CF169D51848EC6200AFBC56 /* Submodules */,
				BAC28473199FF275D1C9F357 /* Apple */,
			);
			name = Frameworks;
			sourceTree = "<group>";
		};
		8C083C60181DB30600250DB4 /* Terminator */ = {
			isa = PBXGroup;
			children = (
				8CF169D61848EC7700AFBC56 /* Resources */,
				8C083C89181DB31F00250DB4 /* Controllers */,
				BAC2829F060D81A93755AEF2 /* Models */,
				BAC28E7DFD35CB31E7F998F4 /* Services */,
				BAC28D13359F046162054153 /* Views */,
				BAC28ADA61EE08179477E2F6 /* Categories */,
				BAC283F61C821209F1D54C22 /* Repositories */,
			);
			name = Terminator;
			path = terminator;
			sourceTree = "<group>";
		};
		8C083C61181DB30600250DB4 /* Supporting Files */ = {
			isa = PBXGroup;
			children = (
				8C083C62181DB30600250DB4 /* terminator-Info.plist */,
				8C083C63181DB30600250DB4 /* InfoPlist.strings */,
				8C083C66181DB30600250DB4 /* main.m */,
				8C083C68181DB30600250DB4 /* terminator-Prefix.pch */,
			);
			name = "Supporting Files";
			sourceTree = "<group>";
		};
		8C083C89181DB31F00250DB4 /* Controllers */ = {
			isa = PBXGroup;
			children = (
				8C083C69181DB30600250DB4 /* AppDelegate.h */,
				8C083C6A181DB30600250DB4 /* AppDelegate.mm */,
				8CF169D91848EE4600AFBC56 /* NamelessMassesVC.h */,
				8CF169DA1848EE4600AFBC56 /* NamelessMassesVC.m */,
				8C76B87018735CD1001E6DDE /* KnownPeopleVC.h */,
				8C76B87118735CD1001E6DDE /* KnownPeopleVC.m */,
				8C76B87518735CF4001E6DDE /* TerminatorVC.h */,
				8C76B87618735CF4001E6DDE /* TerminatorVC.m */,
				8C233FD918764A9F00BBD67F /* IdentifyFacesVC.h */,
				8C233FDA18764A9F00BBD67F /* IdentifyFacesVC.m */,
				8CD71B67187C927B00899AE6 /* AdminVC.h */,
				8CD71B68187C927B00899AE6 /* AdminVC.m */,
			);
			name = Controllers;
			sourceTree = "<group>";
		};
		8C6CBF6E187741F900F276EA /* FaceRecognition */ = {
			isa = PBXGroup;
			children = (
				8C6CBF6F187741F900F276EA /* Files */,
				8C6CBF77187741F900F276EA /* Frameworks */,
			);
			path = FaceRecognition;
			sourceTree = "<group>";
		};
		8C6CBF6F187741F900F276EA /* Files */ = {
			isa = PBXGroup;
			children = (
				8C6CBF70187741F900F276EA /* CustomFaceRecognizer.h */,
				8C6CBF71187741F900F276EA /* CustomFaceRecognizer.mm */,
				8C6CBF72187741F900F276EA /* FaceDetector.h */,
				8C6CBF73187741F900F276EA /* FaceDetector.mm */,
				8C6CBF74187741F900F276EA /* haarcascade_frontalface_alt2.xml */,
				8C6CBF75187741F900F276EA /* OpenCVData.h */,
				8C6CBF76187741F900F276EA /* OpenCVData.mm */,
			);
			path = Files;
			sourceTree = "<group>";
		};
		8C6CBF77187741F900F276EA /* Frameworks */ = {
			isa = PBXGroup;
			children = (
				8C6CBF78187741F900F276EA /* opencv2.framework */,
			);
			path = Frameworks;
			sourceTree = "<group>";
		};
		8C6CBF7F1877432700F276EA /* Azure */ = {
			isa = PBXGroup;
			children = (
				8C6CBF801877432F00F276EA /* WindowsAzureMobileServices.framework */,
			);
			name = Azure;
			sourceTree = "<group>";
		};
		8C6CBF88187764D700F276EA /* Romo */ = {
			isa = PBXGroup;
			children = (
				8C6CBF89187764D700F276EA /* RMCore.framework */,
			);
			path = Romo;
			sourceTree = "<group>";
		};
		8C76B85F18735B60001E6DDE /* Images */ = {
			isa = PBXGroup;
			children = (
				8C468958187622DF00220605 /* Default-568h@2x.png */,
				8C76B86018735B60001E6DDE /* Icons */,
			);
			name = Images;
			path = Resources/Images;
			sourceTree = SOURCE_ROOT;
		};
		8C76B86018735B60001E6DDE /* Icons */ = {
			isa = PBXGroup;
			children = (
				8C76B86118735B60001E6DDE /* icon120.png */,
				8C76B86218735B60001E6DDE /* Icon29.png */,
				8C76B86318735B60001E6DDE /* Icon29@2x.png */,
				8C76B86418735B60001E6DDE /* icon57.png */,
				8C76B86518735B60001E6DDE /* icon57@2x.png */,
				8C76B86618735B60001E6DDE /* Icon80.png */,
			);
			path = Icons;
			sourceTree = "<group>";
		};
		8CE3392F187C42B4000CE21E /* Products */ = {
			isa = PBXGroup;
			children = (
				8CE33933187C42B4000CE21E /* libCereal.a */,
			);
			name = Products;
			sourceTree = "<group>";
		};
		8CE33935187C42B9000CE21E /* Products */ = {
			isa = PBXGroup;
			children = (
				8CE3393A187C42BA000CE21E /* libCoreMeta.a */,
				8CE3393C187C42BA000CE21E /* CoreMetaTests.octest */,
			);
			name = Products;
			sourceTree = "<group>";
		};
		8CF169D51848EC6200AFBC56 /* Submodules */ = {
			isa = PBXGroup;
			children = (
				8CE33934187C42B9000CE21E /* CoreMeta.xcodeproj */,
				8CE3392E187C42B4000CE21E /* Cereal.xcodeproj */,
			);
			name = Submodules;
			sourceTree = "<group>";
		};
		8CF169D61848EC7700AFBC56 /* Resources */ = {
			isa = PBXGroup;
			children = (
				8C76B85F18735B60001E6DDE /* Images */,
				8C083C61181DB30600250DB4 /* Supporting Files */,
				BAC28529D763D455CE0BE1EB /* Constants.m */,
				BAC286597355AA6226B3008E /* Constants.h */,
				BAC2855D4FE0F2A7807FFD07 /* ContainerConfiguration.h */,
				BAC28DA35626B6F602175C98 /* ContainerConfiguration.mm */,
			);
			name = Resources;
			sourceTree = "<group>";
		};
		BAC2829F060D81A93755AEF2 /* Models */ = {
			isa = PBXGroup;
			children = (
				BAC289C49CEC692E628A6EFC /* ImageCapture.m */,
				BAC28CCDD561EDE24A673627 /* ImageCapture.h */,
				BAC2827B330879D80615E4F9 /* FaceCapture.m */,
				BAC28AD7236628BD9E5060A5 /* FaceCapture.h */,
				BAC2881BE9AF7D261498D4C6 /* FaceMatchResult.m */,
				BAC283EE16CA517BC71DA379 /* FaceMatchResult.h */,
				BAC28688BEC80C586A15C64D /* Person.m */,
				BAC285B0A56B61DC0A3405E7 /* Person.h */,
			);
			path = Models;
			sourceTree = "<group>";
		};
		BAC283F61C821209F1D54C22 /* Repositories */ = {
			isa = PBXGroup;
			children = (
				BAC28E17160097F51D2373AC /* CameraRoll.h */,
				BAC28882C90389FAD50CC5F0 /* CameraRoll.m */,
				BAC280C29C7D53DACB1889DA /* NamelessMasses.m */,
				BAC282E5C45493CA9EA8123B /* NamelessMasses.h */,
				BAC287491D4D1EF928131DB8 /* KnownPeople.m */,
				BAC284E54AA8514227210E23 /* KnownPeople.h */,
			);
			path = Repositories;
			sourceTree = "<group>";
		};
		BAC28473199FF275D1C9F357 /* Apple */ = {
			isa = PBXGroup;
			children = (
				8C6CBF911877657100F276EA /* ExternalAccessory.framework */,
				8C6CBF8E1877656700F276EA /* CoreMotion.framework */,
				8C46894818761A9600220605 /* libsqlite3.dylib */,
				BAC28FC707253467176BEC1B /* AVFoundation.framework */,
				8CF16A1718496D2E00AFBC56 /* CoreMedia.framework */,
				8C46894E18761ABB00220605 /* CoreVideo.framework */,
				8C46894C18761AA300220605 /* Accelerate.framework */,
				8CF16A0C1848F1C700AFBC56 /* libxml2.dylib */,
				BAC28AE629E00426B3AAFEDB /* CoreGraphics.framework */,
				BAC2847CCA8811EF87EBC2A6 /* Foundation.framework */,
				BAC288E85B8DADA2C1542EB1 /* XCTest.framework */,
				BAC28527FDC86EF733AA7E8E /* UIKit.framework */,
				BAC287FE96CE8A7E5D3C70AD /* QuartzCore.framework */,
				BAC2829DF04FC8429EDD42D0 /* MobileCoreServices.framework */,
				BAC288970F3AB9FE1EE19979 /* ImageIO.framework */,
				BAC28EB1CE0F41BDD0FBF852 /* CoreImage.framework */,
				BAC2879942B50CA8E1363A13 /* AssetsLibrary.framework */,
			);
			name = Apple;
			sourceTree = "<group>";
		};
		BAC28ADA61EE08179477E2F6 /* Categories */ = {
			isa = PBXGroup;
			children = (
				BAC284442A02975A6CBDCB7B /* UIImage+OpenCV.h */,
				BAC288BF46660FD832A45858 /* UIImage+OpenCV.mm */,
			);
			path = Categories;
			sourceTree = "<group>";
		};
		BAC28BD8547FA4DD9226013F /* Support */ = {
			isa = PBXGroup;
			children = (
				BAC2819AA9A2AAAB4F6325AB /* FaceDetection.h */,
				BAC28B3DFA6FC1724B14845B /* FaceDetection.m */,
				BAC287E28F1174DAD83D505C /* Path.h */,
				BAC287F705BAA1FFC320ED45 /* Path.m */,
				BAC28A904B5932154AEB0364 /* SquareCam.m */,
				BAC28F494E4B3B4E289EFAD5 /* SquareCam.h */,
				BAC2828B9ADDAEB5B330617A /* OpenCVFaceRecognition.h */,
				BAC283E8C68957259AA73371 /* OpenCVFaceRecognition.mm */,
				BAC28FED4855A4730900AA09 /* AzureInterface.m */,
				BAC285855D401C4A69B32127 /* AzureInterface.h */,
				BAC289B405EA8DFA6DF187D6 /* OPSCounter.m */,
				BAC28047D5DB57F43A93D5B0 /* OPSCounter.h */,
			);
			path = Support;
			sourceTree = "<group>";
		};
		BAC28D13359F046162054153 /* Views */ = {
			isa = PBXGroup;
			children = (
				8C6F9C30187715A100B8DCDB /* IdentifyFacesVC.xib */,
				BAC281CB1850C164A2E88BE4 /* NamelessMassesVC.xib */,
				BAC28FDCCDCA5B1114659BA4 /* KnownPeopleVC.xib */,
				BAC282A87F9254FEC1E7945C /* TerminatorVC.xib */,
				BAC28E2247956839B49ABA81 /* AdminVC.xib */,
			);
			path = Views;
			sourceTree = "<group>";
		};
		BAC28E7DFD35CB31E7F998F4 /* Services */ = {
			isa = PBXGroup;
			children = (
				8C76B87E18736077001E6DDE /* Terminator.h */,
				8C76B87F18736077001E6DDE /* Terminator.mm */,
				BAC289BBC7E3B62EC490182A /* Memory.mm */,
				BAC281AD77DE2B10B9E11746 /* Memory.h */,
				BAC28DF0EA301C1F7A73867C /* Brain.mm */,
				BAC289071EAF29F191916C3C /* Brain.h */,
				BAC28C2A099FAEF2A400EC79 /* Eyes.m */,
				BAC288E1C3A9FD5DE6E1A397 /* Eyes.h */,
				BAC28BD8547FA4DD9226013F /* Support */,
				BAC282FFB3C42658FCBFCC6F /* Body.m */,
				BAC2817E99CE15EE67C65F35 /* Body.h */,
				BAC281DDA4FA81CD99514CC2 /* TerminatorBase.m */,
				BAC28F3B56D2EF83E7AF5020 /* TerminatorBase.h */,
			);
			path = Services;
			sourceTree = "<group>";
		};
/* End PBXGroup section */

/* Begin PBXNativeTarget section */
		8C083C56181DB30600250DB4 /* Terminator */ = {
			isa = PBXNativeTarget;
			buildConfigurationList = 8C083C83181DB30600250DB4 /* Build configuration list for PBXNativeTarget "Terminator" */;
			buildPhases = (
				8C083C53181DB30600250DB4 /* Sources */,
				8C083C54181DB30600250DB4 /* Frameworks */,
				8C083C55181DB30600250DB4 /* Resources */,
			);
			buildRules = (
			);
			dependencies = (
				8CE3393E187C42C4000CE21E /* PBXTargetDependency */,
				8CE33940187C42C4000CE21E /* PBXTargetDependency */,
			);
			name = Terminator;
			productName = terminator;
			productReference = 8C083C57181DB30600250DB4 /* Terminator.app */;
			productType = "com.apple.product-type.application";
		};
/* End PBXNativeTarget section */

/* Begin PBXProject section */
		8C083C4F181DB30600250DB4 /* Project object */ = {
			isa = PBXProject;
			attributes = {
				LastUpgradeCheck = 0500;
				ORGANIZATIONNAME = gretz;
			};
			buildConfigurationList = 8C083C52181DB30600250DB4 /* Build configuration list for PBXProject "Terminator" */;
			compatibilityVersion = "Xcode 3.2";
			developmentRegion = English;
			hasScannedForEncodings = 0;
			knownRegions = (
				en,
			);
			mainGroup = 8C083C4E181DB30600250DB4;
			productRefGroup = 8C083C58181DB30600250DB4 /* Products */;
			projectDirPath = "";
			projectReferences = (
				{
					ProductGroup = 8CE3392F187C42B4000CE21E /* Products */;
					ProjectRef = 8CE3392E187C42B4000CE21E /* Cereal.xcodeproj */;
				},
				{
					ProductGroup = 8CE33935187C42B9000CE21E /* Products */;
					ProjectRef = 8CE33934187C42B9000CE21E /* CoreMeta.xcodeproj */;
				},
			);
			projectRoot = "";
			targets = (
				8C083C56181DB30600250DB4 /* Terminator */,
			);
		};
/* End PBXProject section */

/* Begin PBXReferenceProxy section */
		8CE33933187C42B4000CE21E /* libCereal.a */ = {
			isa = PBXReferenceProxy;
			fileType = archive.ar;
			path = libCereal.a;
			remoteRef = 8CE33932187C42B4000CE21E /* PBXContainerItemProxy */;
			sourceTree = BUILT_PRODUCTS_DIR;
		};
		8CE3393A187C42BA000CE21E /* libCoreMeta.a */ = {
			isa = PBXReferenceProxy;
			fileType = archive.ar;
			path = libCoreMeta.a;
			remoteRef = 8CE33939187C42BA000CE21E /* PBXContainerItemProxy */;
			sourceTree = BUILT_PRODUCTS_DIR;
		};
		8CE3393C187C42BA000CE21E /* CoreMetaTests.octest */ = {
			isa = PBXReferenceProxy;
			fileType = wrapper.cfbundle;
			path = CoreMetaTests.octest;
			remoteRef = 8CE3393B187C42BA000CE21E /* PBXContainerItemProxy */;
			sourceTree = BUILT_PRODUCTS_DIR;
		};
/* End PBXReferenceProxy section */

/* Begin PBXResourcesBuildPhase section */
		8C083C55181DB30600250DB4 /* Resources */ = {
			isa = PBXResourcesBuildPhase;
			buildActionMask = 2147483647;
			files = (
				8C083C65181DB30600250DB4 /* InfoPlist.strings in Resources */,
				8C6CBF7B187741F900F276EA /* haarcascade_frontalface_alt2.xml in Resources */,
				8C468959187622DF00220605 /* Default-568h@2x.png in Resources */,
				8C76B86B18735B60001E6DDE /* icon57@2x.png in Resources */,
				8C76B86818735B60001E6DDE /* Icon29.png in Resources */,
				8C6F9C31187715A100B8DCDB /* IdentifyFacesVC.xib in Resources */,
				8C76B86918735B60001E6DDE /* Icon29@2x.png in Resources */,
				BAC288B7C4801698D28E78B5 /* NamelessMassesVC.xib in Resources */,
				8C76B86A18735B60001E6DDE /* icon57.png in Resources */,
				8C76B86C18735B60001E6DDE /* Icon80.png in Resources */,
				8C76B86718735B60001E6DDE /* icon120.png in Resources */,
				BAC2880E3CF84DEC4DBEF87E /* KnownPeopleVC.xib in Resources */,
				BAC28E79F5DC13F1076E0A2B /* TerminatorVC.xib in Resources */,
				BAC28693ED13495F24188E8D /* AdminVC.xib in Resources */,
			);
			runOnlyForDeploymentPostprocessing = 0;
		};
/* End PBXResourcesBuildPhase section */

/* Begin PBXSourcesBuildPhase section */
		8C083C53181DB30600250DB4 /* Sources */ = {
			isa = PBXSourcesBuildPhase;
			buildActionMask = 2147483647;
			files = (
				8C6CBF7A187741F900F276EA /* FaceDetector.mm in Sources */,
				8C233FDC18764A9F00BBD67F /* IdentifyFacesVC.m in Sources */,
				8CD71B6A187C927B00899AE6 /* AdminVC.m in Sources */,
				BAC28A121D4037E585CEDF7C /* UIImage+OpenCV.mm in Sources */,
				8C76B87818735CF4001E6DDE /* TerminatorVC.m in Sources */,
				8C083C6B181DB30600250DB4 /* AppDelegate.mm in Sources */,
				8CF169DC1848EE4600AFBC56 /* NamelessMassesVC.m in Sources */,
				8C76B88018736077001E6DDE /* Terminator.mm in Sources */,
				8C083C67181DB30600250DB4 /* main.m in Sources */,
				8C76B87318735CD1001E6DDE /* KnownPeopleVC.m in Sources */,
				BAC28551F0CBBAB9011F7C8F /* ImageCapture.m in Sources */,
				BAC28893EF0E440ACC15DAF2 /* FaceCapture.m in Sources */,
				BAC28A67B1F3A6DF5D28D53D /* CameraRoll.m in Sources */,
				8C6CBF79187741F900F276EA /* CustomFaceRecognizer.mm in Sources */,
				BAC28DDF2799719EBF21F1EF /* Constants.m in Sources */,
				BAC28B4A551C0B1D9CDC448B /* FaceMatchResult.m in Sources */,
				BAC280C2D03A244413ECCE87 /* NamelessMasses.m in Sources */,
				BAC28DC867AB8430374FED0F /* Person.m in Sources */,
				BAC28973974CDD5BD7AB6996 /* KnownPeople.m in Sources */,
				BAC2858EAE827CDD43B335B2 /* Memory.mm in Sources */,
				BAC2884C8F50F11EF028EA1A /* Brain.mm in Sources */,
				BAC28C0C4DF850B3ABC26256 /* Eyes.m in Sources */,
				BAC2823507D881C3B978C8C0 /* FaceDetection.m in Sources */,
				BAC2809F58B6A78D42A3A042 /* ContainerConfiguration.mm in Sources */,
				BAC2803F8AA56B380F5EEBE9 /* Path.m in Sources */,
				BAC2805B88C155D6F3F4CD1F /* SquareCam.m in Sources */,
				8C6CBF7C187741F900F276EA /* OpenCVData.mm in Sources */,
				BAC281B41BD7D2B3D3CDC1A3 /* OpenCVFaceRecognition.mm in Sources */,
				BAC28A759E27A10DFEF68FF2 /* AzureInterface.m in Sources */,
				BAC284A6E9617E5BEB31613B /* Body.m in Sources */,
				BAC28284BB461015ED535BE0 /* TerminatorBase.m in Sources */,
				BAC28DD108CCD5DCB1F24A3F /* OPSCounter.m in Sources */,
			);
			runOnlyForDeploymentPostprocessing = 0;
		};
/* End PBXSourcesBuildPhase section */

/* Begin PBXTargetDependency section */
		8CE3393E187C42C4000CE21E /* PBXTargetDependency */ = {
			isa = PBXTargetDependency;
			name = CoreMeta;
			targetProxy = 8CE3393D187C42C4000CE21E /* PBXContainerItemProxy */;
		};
		8CE33940187C42C4000CE21E /* PBXTargetDependency */ = {
			isa = PBXTargetDependency;
			name = Cereal;
			targetProxy = 8CE3393F187C42C4000CE21E /* PBXContainerItemProxy */;
		};
/* End PBXTargetDependency section */

/* Begin PBXVariantGroup section */
		8C083C63181DB30600250DB4 /* InfoPlist.strings */ = {
			isa = PBXVariantGroup;
			children = (
				8C083C64181DB30600250DB4 /* en */,
			);
			name = InfoPlist.strings;
			sourceTree = "<group>";
		};
/* End PBXVariantGroup section */

/* Begin XCBuildConfiguration section */
		8C083C81181DB30600250DB4 /* Debug */ = {
			isa = XCBuildConfiguration;
			buildSettings = {
				ALWAYS_SEARCH_USER_PATHS = YES;
				ARCHS = "$(ARCHS_STANDARD)";
				CLANG_CXX_LANGUAGE_STANDARD = "gnu++0x";
				CLANG_CXX_LIBRARY = "libc++";
				CLANG_ENABLE_MODULES = YES;
				CLANG_ENABLE_OBJC_ARC = YES;
				CLANG_WARN_BOOL_CONVERSION = YES;
				CLANG_WARN_CONSTANT_CONVERSION = YES;
				CLANG_WARN_DIRECT_OBJC_ISA_USAGE = YES_ERROR;
				CLANG_WARN_EMPTY_BODY = YES;
				CLANG_WARN_ENUM_CONVERSION = YES;
				CLANG_WARN_INT_CONVERSION = YES;
				CLANG_WARN_OBJC_ROOT_CLASS = YES_ERROR;
				CLANG_WARN__DUPLICATE_METHOD_MATCH = YES;
				"CODE_SIGN_IDENTITY[sdk=iphoneos*]" = "iPhone Developer";
				COPY_PHASE_STRIP = NO;
				GCC_C_LANGUAGE_STANDARD = gnu99;
				GCC_DYNAMIC_NO_PIC = NO;
				GCC_OPTIMIZATION_LEVEL = 0;
				GCC_PREPROCESSOR_DEFINITIONS = (
					"DEBUG=1",
					"$(inherited)",
				);
				GCC_SYMBOLS_PRIVATE_EXTERN = NO;
				GCC_WARN_64_TO_32_BIT_CONVERSION = YES;
				GCC_WARN_ABOUT_RETURN_TYPE = YES_ERROR;
				GCC_WARN_UNDECLARED_SELECTOR = YES;
				GCC_WARN_UNINITIALIZED_AUTOS = YES;
				GCC_WARN_UNUSED_FUNCTION = YES;
				GCC_WARN_UNUSED_VARIABLE = YES;
				IPHONEOS_DEPLOYMENT_TARGET = 7.0;
				ONLY_ACTIVE_ARCH = YES;
				SDKROOT = iphoneos;
			};
			name = Debug;
		};
		8C083C82181DB30600250DB4 /* Release */ = {
			isa = XCBuildConfiguration;
			buildSettings = {
				ALWAYS_SEARCH_USER_PATHS = YES;
				ARCHS = "$(ARCHS_STANDARD)";
				CLANG_CXX_LANGUAGE_STANDARD = "gnu++0x";
				CLANG_CXX_LIBRARY = "libc++";
				CLANG_ENABLE_MODULES = YES;
				CLANG_ENABLE_OBJC_ARC = YES;
				CLANG_WARN_BOOL_CONVERSION = YES;
				CLANG_WARN_CONSTANT_CONVERSION = YES;
				CLANG_WARN_DIRECT_OBJC_ISA_USAGE = YES_ERROR;
				CLANG_WARN_EMPTY_BODY = YES;
				CLANG_WARN_ENUM_CONVERSION = YES;
				CLANG_WARN_INT_CONVERSION = YES;
				CLANG_WARN_OBJC_ROOT_CLASS = YES_ERROR;
				CLANG_WARN__DUPLICATE_METHOD_MATCH = YES;
				"CODE_SIGN_IDENTITY[sdk=iphoneos*]" = "iPhone Developer";
				COPY_PHASE_STRIP = YES;
				ENABLE_NS_ASSERTIONS = NO;
				GCC_C_LANGUAGE_STANDARD = gnu99;
				GCC_WARN_64_TO_32_BIT_CONVERSION = YES;
				GCC_WARN_ABOUT_RETURN_TYPE = YES_ERROR;
				GCC_WARN_UNDECLARED_SELECTOR = YES;
				GCC_WARN_UNINITIALIZED_AUTOS = YES;
				GCC_WARN_UNUSED_FUNCTION = YES;
				GCC_WARN_UNUSED_VARIABLE = YES;
				IPHONEOS_DEPLOYMENT_TARGET = 7.0;
				SDKROOT = iphoneos;
				VALIDATE_PRODUCT = YES;
			};
			name = Release;
		};
		8C083C84181DB30600250DB4 /* Debug */ = {
			isa = XCBuildConfiguration;
			buildSettings = {
				FRAMEWORK_SEARCH_PATHS = (
					"$(inherited)",
					"$(PROJECT_DIR)/**",
				);
				GCC_PRECOMPILE_PREFIX_HEADER = YES;
				GCC_PREFIX_HEADER = "terminator/terminator-Prefix.pch";
				INFOPLIST_FILE = "terminator/terminator-Info.plist";
				IPHONEOS_DEPLOYMENT_TARGET = 7.0;
				OTHER_CFLAGS = "-DNS_BLOCK_ASSERTIONS=1";
				OTHER_LDFLAGS = "-ObjC";
				PRODUCT_NAME = "$(TARGET_NAME)";
				TARGETED_DEVICE_FAMILY = 1;
				USER_HEADER_SEARCH_PATHS = "$(PROJECT_DIR)/** \"${PROJECT_DIR}/Cereal\"/** \"${PROJECT_DIR}/CoreMeta/CoreMeta\"/**";
				WRAPPER_EXTENSION = app;
			};
			name = Debug;
		};
		8C083C85181DB30600250DB4 /* Release */ = {
			isa = XCBuildConfiguration;
			buildSettings = {
				FRAMEWORK_SEARCH_PATHS = (
					"$(inherited)",
					"$(PROJECT_DIR)/**",
				);
				GCC_PRECOMPILE_PREFIX_HEADER = YES;
				GCC_PREFIX_HEADER = "terminator/terminator-Prefix.pch";
				INFOPLIST_FILE = "terminator/terminator-Info.plist";
				IPHONEOS_DEPLOYMENT_TARGET = 7.0;
				OTHER_CFLAGS = "-DNS_BLOCK_ASSERTIONS=1";
				OTHER_LDFLAGS = "-ObjC";
				PRODUCT_NAME = "$(TARGET_NAME)";
				TARGETED_DEVICE_FAMILY = 1;
				USER_HEADER_SEARCH_PATHS = "$(PROJECT_DIR)/** \"${PROJECT_DIR}/Cereal\"/** \"${PROJECT_DIR}/CoreMeta/CoreMeta\"/**";
				WRAPPER_EXTENSION = app;
			};
			name = Release;
		};
/* End XCBuildConfiguration section */

/* Begin XCConfigurationList section */
		8C083C52181DB30600250DB4 /* Build configuration list for PBXProject "Terminator" */ = {
			isa = XCConfigurationList;
			buildConfigurations = (
				8C083C81181DB30600250DB4 /* Debug */,
				8C083C82181DB30600250DB4 /* Release */,
			);
			defaultConfigurationIsVisible = 0;
			defaultConfigurationName = Release;
		};
		8C083C83181DB30600250DB4 /* Build configuration list for PBXNativeTarget "Terminator" */ = {
			isa = XCConfigurationList;
			buildConfigurations = (
				8C083C84181DB30600250DB4 /* Debug */,
				8C083C85181DB30600250DB4 /* Release */,
			);
			defaultConfigurationIsVisible = 0;
			defaultConfigurationName = Release;
		};
/* End XCConfigurationList section */
	};
	rootObject = 8C083C4F181DB30600250DB4 /* Project object */;
}
